// !$*UTF8*$!
{
	archiveVersion = 1;
	classes = {
	};
	objectVersion = 46;
	objects = {

/* Begin PBXBuildFile section */
		FA44F5D11CDA2747006A5A64 /* CalculatorBrain.swift in Sources */ = {isa = PBXBuildFile; fileRef = FA44F5D01CDA2747006A5A64 /* CalculatorBrain.swift */; };
		FAA04FB31CD9E1E00086DF65 /* AppDelegate.swift in Sources */ = {isa = PBXBuildFile; fileRef = FAA04FB21CD9E1E00086DF65 /* AppDelegate.swift */; };
		FAA04FB51CD9E1E00086DF65 /* ViewController.swift in Sources */ = {isa = PBXBuildFile; fileRef = FAA04FB41CD9E1E00086DF65 /* ViewController.swift */; };
		FAA04FB81CD9E1E00086DF65 /* Main.storyboard in Resources */ = {isa = PBXBuildFile; fileRef = FAA04FB61CD9E1E00086DF65 /* Main.storyboard */; };
		FAA04FBA1CD9E1E00086DF65 /* Assets.xcassets in Resources */ = {isa = PBXBuildFile; fileRef = FAA04FB91CD9E1E00086DF65 /* Assets.xcassets */; };
		FAA04FBD1CD9E1E00086DF65 /* LaunchScreen.storyboard in Resources */ = {isa = PBXBuildFile; fileRef = FAA04FBB1CD9E1E00086DF65 /* LaunchScreen.storyboard */; };
/* End PBXBuildFile section */

/* Begin PBXFileReference section */
		FA44F5D01CDA2747006A5A64 /* CalculatorBrain.swift */ = {isa = PBXFileReference; fileEncoding = 4; lastKnownFileType = sourcecode.swift; path = CalculatorBrain.swift; sourceTree = "<group>"; };
		FAA04FAF1CD9E1E00086DF65 /* Calculator.app */ = {isa = PBXFileReference; explicitFileType = wrapper.application; includeInIndex = 0; path = Calculator.app; sourceTree = BUILT_PRODUCTS_DIR; };
		FAA04FB21CD9E1E00086DF65 /* AppDelegate.swift */ = {isa = PBXFileReference; lastKnownFileType = sourcecode.swift; path = AppDelegate.swift; sourceTree = "<group>"; };
		FAA04FB41CD9E1E00086DF65 /* ViewController.swift */ = {isa = PBXFileReference; lastKnownFileType = sourcecode.swift; path = ViewController.swift; sourceTree = "<group>"; };
		FAA04FB71CD9E1E00086DF65 /* Base */ = {isa = PBXFileReference; lastKnownFileType = file.storyboard; name = Base; path = Base.lproj/Main.storyboard; sourceTree = "<group>"; };
		FAA04FB91CD9E1E00086DF65 /* Assets.xcassets */ = {isa = PBXFileReference; lastKnownFileType = folder.assetcatalog; path = Assets.xcassets; sourceTree = "<group>"; };
		FAA04FBC1CD9E1E00086DF65 /* Base */ = {isa = PBXFileReference; lastKnownFileType = file.storyboard; name = Base; path = Base.lproj/LaunchScreen.storyboard; sourceTree = "<group>"; };
		FAA04FBE1CD9E1E00086DF65 /* Info.plist */ = {isa = PBXFileReference; lastKnownFileType = text.plist.xml; path = Info.plist; sourceTree = "<group>"; };
/* End PBXFileReference section */

/* Begin PBXFrameworksBuildPhase section */
		FAA04FAC1CD9E1E00086DF65 /* Frameworks */ = {
			isa = PBXFrameworksBuildPhase;
			buildActionMask = 2147483647;
			files = (
			);
			runOnlyForDeploymentPostprocessing = 0;
		};
/* End PBXFrameworksBuildPhase section */

/* Begin PBXGroup section */
		FAA04FA61CD9E1E00086DF65 = {
			isa = PBXGroup;
			children = (
				FAA04FB11CD9E1E00086DF65 /* Calculator */,
				FAA04FB01CD9E1E00086DF65 /* Products */,
			);
			sourceTree = "<group>";
		};
		FAA04FB01CD9E1E00086DF65 /* Products */ = {
			isa = PBXGroup;
			children = (
				FAA04FAF1CD9E1E00086DF65 /* Calculator.app */,
			);
			name = Products;
			sourceTree = "<group>";
		};
		FAA04FB11CD9E1E00086DF65 /* Calculator */ = {
			isa = PBXGroup;
			children = (
				FAA04FB41CD9E1E00086DF65 /* ViewController.swift */,
				FAA04FB61CD9E1E00086DF65 /* Main.storyboard */,
				FA44F5D01CDA2747006A5A64 /* CalculatorBrain.swift */,
				FAA04FC41CD9E4420086DF65 /* Supporting Files */,
			);
			path = Calculator;
			sourceTree = "<group>";
		};
		FAA04FC41CD9E4420086DF65 /* Supporting Files */ = {
			isa = PBXGroup;
			children = (
				FAA04FB21CD9E1E00086DF65 /* AppDelegate.swift */,
				FAA04FB91CD9E1E00086DF65 /* Assets.xcassets */,
				FAA04FBB1CD9E1E00086DF65 /* LaunchScreen.storyboard */,
				FAA04FBE1CD9E1E00086DF65 /* Info.plist */,
			);
			name = "Supporting Files";
			sourceTree = "<group>";
		};
/* End PBXGroup section */

/* Begin PBXNativeTarget section */
		FAA04FAE1CD9E1E00086DF65 /* Calculator */ = {
			isa = PBXNativeTarget;
			buildConfigurationList = FAA04FC11CD9E1E00086DF65 /* Build configuration list for PBXNativeTarget "Calculator" */;
			buildPhases = (
				FAA04FAB1CD9E1E00086DF65 /* Sources */,
				FAA04FAC1CD9E1E00086DF65 /* Frameworks */,
				FAA04FAD1CD9E1E00086DF65 /* Resources */,
			);
			buildRules = (
			);
			dependencies = (
			);
			name = Calculator;
			productName = Calculator;
			productReference = FAA04FAF1CD9E1E00086DF65 /* Calculator.app */;
			productType = "com.apple.product-type.application";
		};
/* End PBXNativeTarget section */

/* Begin PBXProject section */
		FAA04FA71CD9E1E00086DF65 /* Project object */ = {
			isa = PBXProject;
			attributes = {
				LastSwiftUpdateCheck = 0730;
				LastUpgradeCheck = 0730;
				ORGANIZATIONNAME = " alexander";
				TargetAttributes = {
					FAA04FAE1CD9E1E00086DF65 = {
						CreatedOnToolsVersion = 7.3;
						DevelopmentTeam = W2797NNN3H;
					};
				};
			};
			buildConfigurationList = FAA04FAA1CD9E1E00086DF65 /* Build configuration list for PBXProject "Calculator" */;
			compatibilityVersion = "Xcode 3.2";
			developmentRegion = English;
			hasScannedForEncodings = 0;
			knownRegions = (
				en,
				Base,
			);
			mainGroup = FAA04FA61CD9E1E00086DF65;
			productRefGroup = FAA04FB01CD9E1E00086DF65 /* Products */;
			projectDirPath = "";
			projectRoot = "";
			targets = (
				FAA04FAE1CD9E1E00086DF65 /* Calculator */,
			);
		};
/* End PBXProject section */

/* Begin PBXResourcesBuildPhase section */
		FAA04FAD1CD9E1E00086DF65 /* Resources */ = {
			isa = PBXResourcesBuildPhase;
			buildActionMask = 2147483647;
			files = (
				FAA04FBD1CD9E1E00086DF65 /* LaunchScreen.storyboard in Resources */,
				FAA04FBA1CD9E1E00086DF65 /* Assets.xcassets in Resources */,
				FAA04FB81CD9E1E00086DF65 /* Main.storyboard in Resources */,
			);
			runOnlyForDeploymentPostprocessing = 0;
		};
/* End PBXResourcesBuildPhase section */

/* Begin PBXSourcesBuildPhase section */
		FAA04FAB1CD9E1E00086DF65 /* Sources */ = {
			isa = PBXSourcesBuildPhase;
			buildActionMask = 2147483647;
			files = (
				FA44F5D11CDA2747006A5A64 /* CalculatorBrain.swift in Sources */,
				FAA04FB51CD9E1E00086DF65 /* ViewController.swift in Sources */,
				FAA04FB31CD9E1E00086DF65 /* AppDelegate.swift in Sources */,
			);
			runOnlyForDeploymentPostprocessing = 0;
		};
/* End PBXSourcesBuildPhase section */

/* Begin PBXVariantGroup section */
		FAA04FB61CD9E1E00086DF65 /* Main.storyboard */ = {
			isa = PBXVariantGroup;
			children = (
				FAA04FB71CD9E1E00086DF65 /* Base */,
			);
			name = Main.storyboard;
			sourceTree = "<group>";
		};
		FAA04FBB1CD9E1E00086DF65 /* LaunchScreen.storyboard */ = {
			isa = PBXVariantGroup;
			children = (
				FAA04FBC1CD9E1E00086DF65 /* Base */,
			);
			name = LaunchScreen.storyboard;
			sourceTree = "<group>";
		};
/* End PBXVariantGroup section */

/* Begin XCBuildConfiguration section */
		FAA04FBF1CD9E1E00086DF65 /* Debug */ = {
			isa = XCBuildConfiguration;
			buildSettings = {
				ALWAYS_SEARCH_USER_PATHS = NO;
				CLANG_ANALYZER_NONNULL = YES;
				CLANG_CXX_LANGUAGE_STANDARD = "gnu++0x";
				CLANG_CXX_LIBRARY = "libc++";
				CLANG_ENABLE_MODULES = YES;
				CLANG_ENABLE_OBJC_ARC = YES;
				CLANG_WARN_BOOL_CONVERSION = YES;
				CLANG_WARN_CONSTANT_CONVERSION = YES;
				CLANG_WARN_DIRECT_OBJC_ISA_USAGE = YES_ERROR;
				CLANG_WARN_EMPTY_BODY = YES;
				CLANG_WARN_ENUM_CONVERSION = YES;
				CLANG_WARN_INT_CONVERSION = YES;
				CLANG_WARN_OBJC_ROOT_CLASS = YES_ERROR;
				CLANG_WARN_UNREACHABLE_CODE = YES;
				CLANG_WARN__DUPLICATE_METHOD_MATCH = YES;
				"CODE_SIGN_IDENTITY[sdk=iphoneos*]" = "iPhone Developer";
				COPY_PHASE_STRIP = NO;
				DEBUG_INFORMATION_FORMAT = dwarf;
				ENABLE_STRICT_OBJC_MSGSEND = YES;
				ENABLE_TESTABILITY = YES;
				GCC_C_LANGUAGE_STANDARD = gnu99;
				GCC_DYNAMIC_NO_PIC = NO;
				GCC_NO_COMMON_BLOCKS = YES;
				GCC_OPTIMIZATION_LEVEL = 0;
				GCC_PREPROCESSOR_DEFINITIONS = (
					"DEBUG=1",
					"$(inherited)",
				);
				GCC_WARN_64_TO_32_BIT_CONVERSION = YES;
				GCC_WARN_ABOUT_RETURN_TYPE = YES_ERROR;
				GCC_WARN_UNDECLARED_SELECTOR = YES;
				GCC_WARN_UNINITIALIZED_AUTOS = YES_AGGRESSIVE;
				GCC_WARN_UNUSED_FUNCTION = YES;
				GCC_WARN_UNUSED_VARIABLE = YES;
				IPHONEOS_DEPLOYMENT_TARGET = 9.3;
				MTL_ENABLE_DEBUG_INFO = YES;
				ONLY_ACTIVE_ARCH = YES;
				SDKROOT = iphoneos;
				SWIFT_OPTIMIZATION_LEVEL = "-Onone";
				TARGETED_DEVICE_FAMILY = "1,2";
			};
			name = Debug;
		};
		FAA04FC01CD9E1E00086DF65 /* Release */ = {
			isa = XCBuildConfiguration;
			buildSettings = {
				ALWAYS_SEARCH_USER_PATHS = NO;
				CLANG_ANALYZER_NONNULL = YES;
				CLANG_CXX_LANGUAGE_STANDARD = "gnu++0x";
				CLANG_CXX_LIBRARY = "libc++";
				CLANG_ENABLE_MODULES = YES;
				CLANG_ENABLE_OBJC_ARC = YES;
				CLANG_WARN_BOOL_CONVERSION = YES;
				CLANG_WARN_CONSTANT_CONVERSION = YES;
				CLANG_WARN_DIRECT_OBJC_ISA_USAGE = YES_ERROR;
				CLANG_WARN_EMPTY_BODY = YES;
				CLANG_WARN_ENUM_CONVERSION = YES;
				CLANG_WARN_INT_CONVERSION = YES;
				CLANG_WARN_OBJC_ROOT_CLASS = YES_ERROR;
				CLANG_WARN_UNREACHABLE_CODE = YES;
				CLANG_WARN__DUPLICATE_METHOD_MATCH = YES;
				"CODE_SIGN_IDENTITY[sdk=iphoneos*]" = "iPhone Developer";
				COPY_PHASE_STRIP = NO;
				DEBUG_INFORMATION_FORMAT = "dwarf-with-dsym";
				ENABLE_NS_ASSERTIONS = NO;
				ENABLE_STRICT_OBJC_MSGSEND = YES;
				GCC_C_LANGUAGE_STANDARD = gnu99;
				GCC_NO_COMMON_BLOCKS = YES;
				GCC_WARN_64_TO_32_BIT_CONVERSION = YES;
				GCC_WARN_ABOUT_RETURN_TYPE = YES_ERROR;
				GCC_WARN_UNDECLARED_SELECTOR = YES;
				GCC_WARN_UNINITIALIZED_AUTOS = YES_AGGRESSIVE;
				GCC_WARN_UNUSED_FUNCTION = YES;
				GCC_WARN_UNUSED_VARIABLE = YES;
				IPHONEOS_DEPLOYMENT_TARGET = 9.3;
				MTL_ENABLE_DEBUG_INFO = NO;
				SDKROOT = iphoneos;
				TARGETED_DEVICE_FAMILY = "1,2";
				VALIDATE_PRODUCT = YES;
			};
			name = Release;
		};
		FAA04FC21CD9E1E00086DF65 /* Debug */ = {
			isa = XCBuildConfiguration;
			buildSettings = {
				ASSETCATALOG_COMPILER_APPICON_NAME = AppIcon;
				CODE_SIGN_IDENTITY = "iPhone Developer";
				INFOPLIST_FILE = Calculator/Info.plist;
				LD_RUNPATH_SEARCH_PATHS = "$(inherited) @executable_path/Frameworks";
				PRODUCT_BUNDLE_IDENTIFIER = alex.Calculator;
				PRODUCT_NAME = "$(TARGET_NAME)";
			};
			name = Debug;
		};
		FAA04FC31CD9E1E00086DF65 /* Release */ = {
			isa = XCBuildConfiguration;
			buildSettings = {
				ASSETCATALOG_COMPILER_APPICON_NAME = AppIcon;
				CODE_SIGN_IDENTITY = "iPhone Developer";
				INFOPLIST_FILE = Calculator/Info.plist;
				LD_RUNPATH_SEARCH_PATHS = "$(inherited) @executable_path/Frameworks";
				PRODUCT_BUNDLE_IDENTIFIER = alex.Calculator;
				PRODUCT_NAME = "$(TARGET_NAME)";
			};
			name = Release;
		};
/* End XCBuildConfiguration section */

/* Begin XCConfigurationList section */
		FAA04FAA1CD9E1E00086DF65 /* Build configuration list for PBXProject "Calculator" */ = {
			isa = XCConfigurationList;
			buildConfigurations = (
				FAA04FBF1CD9E1E00086DF65 /* Debug */,
				FAA04FC01CD9E1E00086DF65 /* Release */,
			);
			defaultConfigurationIsVisible = 0;
			defaultConfigurationName = Release;
		};
		FAA04FC11CD9E1E00086DF65 /* Build configuration list for PBXNativeTarget "Calculator" */ = {
			isa = XCConfigurationList;
			buildConfigurations = (
				FAA04FC21CD9E1E00086DF65 /* Debug */,
				FAA04FC31CD9E1E00086DF65 /* Release */,
			);
			defaultConfigurationIsVisible = 0;
			defaultConfigurationName = Release;
		};
/* End XCConfigurationList section */
	};
	rootObject = FAA04FA71CD9E1E00086DF65 /* Project object */;
}
